
Microsoft Visual Studio Solution File, Format Version 12.00
# Visual Studio Version 16
VisualStudioVersion = 16.0.30523.141
MinimumVisualStudioVersion = 10.0.40219.1
Project("{FAE04EC0-301F-11D3-BF4B-00C04F79EFBC}") = "SoundAnimationMaker", "SoundAnimationMaker.csproj", "{C17B46BE-E451-4AB7-9AE5-34FFD7229656}"
EndProject
Global
	GlobalSection(SolutionConfigurationPlatforms) = preSolution
		Debug|Any CPU = Debug|Any CPU
		Release|Any CPU = Release|Any CPU
	EndGlobalSection
	GlobalSection(ProjectConfigurationPlatforms) = postSolution
		{C17B46BE-E451-4AB7-9AE5-34FFD7229656}.Debug|Any CPU.ActiveCfg = Debug|Any CPU
		{C17B46BE-E451-4AB7-9AE5-34FFD7229656}.Debug|Any CPU.Build.0 = Debug|Any CPU
		{C17B46BE-E451-4AB7-9AE5-34FFD7229656}.Release|Any CPU.ActiveCfg = Release|Any CPU
		{C17B46BE-E451-4AB7-9AE5-34FFD7229656}.Release|Any CPU.Build.0 = Release|Any CPU
	EndGlobalSection
	GlobalSection(SolutionProperties) = preSolution
		HideSolutionNode = FALSE
	EndGlobalSection
	GlobalSection(ExtensibilityGlobals) = postSolution
		SolutionGuid = {2800667B-5C79-421B-B03F-BA417D818F86}
	EndGlobalSection
EndGlobal
